
Microsoft Visual Studio Solution File, Format Version 12.00
# Visual Studio 15
VisualStudioVersion = 15.0.27004.2005
MinimumVisualStudioVersion = 10.0.40219.1
Project("{FAE04EC0-301F-11D3-BF4B-00C04F79EFBC}") = "ServerLib", "ServerLib.csproj", "{FF90FFA5-BC28-429D-ABA6-471B509DD536}"
EndProject
Global
	GlobalSection(SolutionConfigurationPlatforms) = preSolution
		Debug|Any CPU = Debug|Any CPU
		Release|Any CPU = Release|Any CPU
	EndGlobalSection
	GlobalSection(ProjectConfigurationPlatforms) = postSolution
		{FF90FFA5-BC28-429D-ABA6-471B509DD536}.Debug|Any CPU.ActiveCfg = Debug|Any CPU
		{FF90FFA5-BC28-429D-ABA6-471B509DD536}.Debug|Any CPU.Build.0 = Debug|Any CPU
		{FF90FFA5-BC28-429D-ABA6-471B509DD536}.Release|Any CPU.ActiveCfg = Release|Any CPU
		{FF90FFA5-BC28-429D-ABA6-471B509DD536}.Release|Any CPU.Build.0 = Release|Any CPU
	EndGlobalSection
	GlobalSection(SolutionProperties) = preSolution
		HideSolutionNode = FALSE
	EndGlobalSection
	GlobalSection(ExtensibilityGlobals) = postSolution
		SolutionGuid = {FA76AC78-B513-4BAD-9DC9-148267FC1946}
	EndGlobalSection
EndGlobal
